
Microsoft Visual Studio Solution File, Format Version 12.00
# Visual Studio Version 16
VisualStudioVersion = 16.0.29709.97
MinimumVisualStudioVersion = 10.0.40219.1
Project("{FAE04EC0-301F-11D3-BF4B-00C04F79EFBC}") = "GridSystemPanel", "GridSystemPanel\GridSystemPanel.csproj", "{A16CA5FF-439C-4390-BF67-1643CF6ACDF1}"
EndProject
Global
	GlobalSection(SolutionConfigurationPlatforms) = preSolution
		Debug|Any CPU = Debug|Any CPU
		Release|Any CPU = Release|Any CPU
	EndGlobalSection
	GlobalSection(ProjectConfigurationPlatforms) = postSolution
		{A16CA5FF-439C-4390-BF67-1643CF6ACDF1}.Debug|Any CPU.ActiveCfg = Debug|Any CPU
		{A16CA5FF-439C-4390-BF67-1643CF6ACDF1}.Debug|Any CPU.Build.0 = Debug|Any CPU
		{A16CA5FF-439C-4390-BF67-1643CF6ACDF1}.Release|Any CPU.ActiveCfg = Release|Any CPU
		{A16CA5FF-439C-4390-BF67-1643CF6ACDF1}.Release|Any CPU.Build.0 = Release|Any CPU
	EndGlobalSection
	GlobalSection(SolutionProperties) = preSolution
		HideSolutionNode = FALSE
	EndGlobalSection
	GlobalSection(ExtensibilityGlobals) = postSolution
		SolutionGuid = {436F8226-6FB8-4064-81FF-53EA3502A352}
	EndGlobalSection
EndGlobal
